// !$*UTF8*$!
{
	archiveVersion = 1;
	classes = {
	};
	objectVersion = 56;
	objects = {

/* Begin PBXBuildFile section */
		3521F73929DEB6AD009E51C2 /* ChatBubbleView.swift in Sources */ = {isa = PBXBuildFile; fileRef = 3521F73829DEB6AD009E51C2 /* ChatBubbleView.swift */; };
		3521F73B29DEC859009E51C2 /* PaddedLabel.swift in Sources */ = {isa = PBXBuildFile; fileRef = 3521F73A29DEC859009E51C2 /* PaddedLabel.swift */; };
		352332152A08C38A003294B1 /* OSSettingsViewController.swift in Sources */ = {isa = PBXBuildFile; fileRef = 352332142A08C38A003294B1 /* OSSettingsViewController.swift */; };
		352C023F2A56718000AC6B51 /* SendButton.swift in Sources */ = {isa = PBXBuildFile; fileRef = 352C023E2A56718000AC6B51 /* SendButton.swift */; };
		356C061129F0CAA400ED33B7 /* InitialSetupViewController.swift in Sources */ = {isa = PBXBuildFile; fileRef = 356C061029F0CAA400ED33B7 /* InitialSetupViewController.swift */; };
		356DBCC22A52925A00EC1F15 /* Environment.swift in Sources */ = {isa = PBXBuildFile; fileRef = 356DBCC12A52925A00EC1F15 /* Environment.swift */; };
		356DBCC62A52BBB600EC1F15 /* OpenSans-VariableFont_wdth,wght.ttf in Resources */ = {isa = PBXBuildFile; fileRef = 356DBCC52A52BBB600EC1F15 /* OpenSans-VariableFont_wdth,wght.ttf */; };
		3582D2C129E7D1D9003AB26C /* send_loading.json in Resources */ = {isa = PBXBuildFile; fileRef = 3582D2C029E7D1D9003AB26C /* send_loading.json */; };
		3582D2C629E906D0003AB26C /* Chat.swift in Sources */ = {isa = PBXBuildFile; fileRef = 3582D2C529E906D0003AB26C /* Chat.swift */; };
		3584B58F2A1F609C000EF521 /* CustomAlertViewController.swift in Sources */ = {isa = PBXBuildFile; fileRef = 3584B58E2A1F609C000EF521 /* CustomAlertViewController.swift */; };
		3584B5922A285A37000EF521 /* UIColor+Extensions.swift in Sources */ = {isa = PBXBuildFile; fileRef = 3584B5912A285A37000EF521 /* UIColor+Extensions.swift */; };
		35B3CB7F2A304E95007E7D6B /* Notification+Extensions.swift in Sources */ = {isa = PBXBuildFile; fileRef = 35B3CB7E2A304E95007E7D6B /* Notification+Extensions.swift */; };
		35B3CB852A39826F007E7D6B /* BalanceCardView.swift in Sources */ = {isa = PBXBuildFile; fileRef = 35B3CB842A39826F007E7D6B /* BalanceCardView.swift */; };
		35B3CB872A4043DE007E7D6B /* BalloonView.swift in Sources */ = {isa = PBXBuildFile; fileRef = 35B3CB862A4043DE007E7D6B /* BalloonView.swift */; };
		35B3CB892A45729C007E7D6B /* ChatStorage.db in Resources */ = {isa = PBXBuildFile; fileRef = 35B3CB882A45729C007E7D6B /* ChatStorage.db */; };
		35B3CB8D2A4AC5EB007E7D6B /* OoohBaby-Regular.ttf in Resources */ = {isa = PBXBuildFile; fileRef = 35B3CB8C2A4AC5EB007E7D6B /* OoohBaby-Regular.ttf */; };
		35B47ACE2A6A7577007B0C25 /* UIHelper.swift in Sources */ = {isa = PBXBuildFile; fileRef = 35B47ACD2A6A7577007B0C25 /* UIHelper.swift */; };
		35CBFAAE2A0CC4330053AEDE /* OSSettingsViewModel.swift in Sources */ = {isa = PBXBuildFile; fileRef = 35CBFAAD2A0CC4330053AEDE /* OSSettingsViewModel.swift */; };
		35CBFAB22A1CCAA10053AEDE /* TooltipViewController.swift in Sources */ = {isa = PBXBuildFile; fileRef = 35CBFAB12A1CCAA10053AEDE /* TooltipViewController.swift */; };
		35CE52942A00C82300158C85 /* CustomTableViewCell.swift in Sources */ = {isa = PBXBuildFile; fileRef = 35CE52932A00C82300158C85 /* CustomTableViewCell.swift */; };
		35DCA52129D4216E0020984A /* AppDelegate.swift in Sources */ = {isa = PBXBuildFile; fileRef = 35DCA52029D4216E0020984A /* AppDelegate.swift */; };
		35DCA52329D4216E0020984A /* SceneDelegate.swift in Sources */ = {isa = PBXBuildFile; fileRef = 35DCA52229D4216E0020984A /* SceneDelegate.swift */; };
		35DCA52529D4216E0020984A /* MainViewController.swift in Sources */ = {isa = PBXBuildFile; fileRef = 35DCA52429D4216E0020984A /* MainViewController.swift */; };
		35DCA52829D4216E0020984A /* Main.storyboard in Resources */ = {isa = PBXBuildFile; fileRef = 35DCA52629D4216E0020984A /* Main.storyboard */; };
		35DCA52A29D421710020984A /* Assets.xcassets in Resources */ = {isa = PBXBuildFile; fileRef = 35DCA52929D421710020984A /* Assets.xcassets */; };
		35DCA52D29D421710020984A /* LaunchScreen.storyboard in Resources */ = {isa = PBXBuildFile; fileRef = 35DCA52B29D421710020984A /* LaunchScreen.storyboard */; };
		35DCA53829D421710020984A /* chat_AITests.swift in Sources */ = {isa = PBXBuildFile; fileRef = 35DCA53729D421710020984A /* chat_AITests.swift */; };
		35DCA54229D421710020984A /* chat_AIUITests.swift in Sources */ = {isa = PBXBuildFile; fileRef = 35DCA54129D421710020984A /* chat_AIUITests.swift */; };
		35DCA54429D421710020984A /* chat_AIUITestsLaunchTests.swift in Sources */ = {isa = PBXBuildFile; fileRef = 35DCA54329D421710020984A /* chat_AIUITestsLaunchTests.swift */; };
		35DCA55529D6C61C0020984A /* GPTChatViewModel.swift in Sources */ = {isa = PBXBuildFile; fileRef = 35DCA55429D6C61C0020984A /* GPTChatViewModel.swift */; };
		35EC369A2A9718C1004CC9C6 /* ChatRepository.swift in Sources */ = {isa = PBXBuildFile; fileRef = 35EC36992A9718C1004CC9C6 /* ChatRepository.swift */; };
		35EC369C2A9C714B004CC9C6 /* SideMenuViewController.swift in Sources */ = {isa = PBXBuildFile; fileRef = 35EC369B2A9C714B004CC9C6 /* SideMenuViewController.swift */; };
		35EC369E2A9C9A61004CC9C6 /* SideMenuViewModel.swift in Sources */ = {isa = PBXBuildFile; fileRef = 35EC369D2A9C9A60004CC9C6 /* SideMenuViewModel.swift */; };
		35EC36A02AA1A85D004CC9C6 /* DatabaseErrorHelper.swift in Sources */ = {isa = PBXBuildFile; fileRef = 35EC369F2AA1A85D004CC9C6 /* DatabaseErrorHelper.swift */; };
		48CE9C57A74401C86D8631D3 /* Pods_chat_AI_chat_AIUITests.framework in Frameworks */ = {isa = PBXBuildFile; fileRef = 5A61FC52F5870074967DDA53 /* Pods_chat_AI_chat_AIUITests.framework */; };
		928B90588161C6786A249849 /* Pods_chat_AITests.framework in Frameworks */ = {isa = PBXBuildFile; fileRef = EB7D076461006CF3BEAFE4E8 /* Pods_chat_AITests.framework */; };
		FF1F12AA1B9B21DD7980DEC8 /* Pods_chat_AI.framework in Frameworks */ = {isa = PBXBuildFile; fileRef = 7575CC022EDD2BCA4E6947FA /* Pods_chat_AI.framework */; };
/* End PBXBuildFile section */

/* Begin PBXContainerItemProxy section */
		35DCA53429D421710020984A /* PBXContainerItemProxy */ = {
			isa = PBXContainerItemProxy;
			containerPortal = 35DCA51529D4216E0020984A /* Project object */;
			proxyType = 1;
			remoteGlobalIDString = 35DCA51C29D4216E0020984A;
			remoteInfo = chat_AI;
		};
		35DCA53E29D421710020984A /* PBXContainerItemProxy */ = {
			isa = PBXContainerItemProxy;
			containerPortal = 35DCA51529D4216E0020984A /* Project object */;
			proxyType = 1;
			remoteGlobalIDString = 35DCA51C29D4216E0020984A;
			remoteInfo = chat_AI;
		};
/* End PBXContainerItemProxy section */

/* Begin PBXFileReference section */
		21544A4086C3F648EBF71786 /* Pods-chat_AI.debug.xcconfig */ = {isa = PBXFileReference; includeInIndex = 1; lastKnownFileType = text.xcconfig; name = "Pods-chat_AI.debug.xcconfig"; path = "Target Support Files/Pods-chat_AI/Pods-chat_AI.debug.xcconfig"; sourceTree = "<group>"; };
		3521F73829DEB6AD009E51C2 /* ChatBubbleView.swift */ = {isa = PBXFileReference; lastKnownFileType = sourcecode.swift; path = ChatBubbleView.swift; sourceTree = "<group>"; };
		3521F73A29DEC859009E51C2 /* PaddedLabel.swift */ = {isa = PBXFileReference; lastKnownFileType = sourcecode.swift; path = PaddedLabel.swift; sourceTree = "<group>"; };
		352332142A08C38A003294B1 /* OSSettingsViewController.swift */ = {isa = PBXFileReference; lastKnownFileType = sourcecode.swift; path = OSSettingsViewController.swift; sourceTree = "<group>"; };
		352332212A0B483E003294B1 /* XCTest.framework */ = {isa = PBXFileReference; lastKnownFileType = wrapper.framework; name = XCTest.framework; path = Platforms/iPhoneOS.platform/Developer/Library/Frameworks/XCTest.framework; sourceTree = DEVELOPER_DIR; };
		352816452A0B650B009FC9CD /* FMDB.framework */ = {isa = PBXFileReference; explicitFileType = wrapper.framework; path = FMDB.framework; sourceTree = BUILT_PRODUCTS_DIR; };
		352C023E2A56718000AC6B51 /* SendButton.swift */ = {isa = PBXFileReference; fileEncoding = 4; lastKnownFileType = sourcecode.swift; path = SendButton.swift; sourceTree = "<group>"; };
		356C061029F0CAA400ED33B7 /* InitialSetupViewController.swift */ = {isa = PBXFileReference; lastKnownFileType = sourcecode.swift; path = InitialSetupViewController.swift; sourceTree = "<group>"; };
		356DBCBA2A52821600EC1F15 /* Config(debug).xcconfig */ = {isa = PBXFileReference; lastKnownFileType = text.xcconfig; path = "Config(debug).xcconfig"; sourceTree = "<group>"; };
		356DBCC02A5290D300EC1F15 /* Config(release).xcconfig */ = {isa = PBXFileReference; lastKnownFileType = text.xcconfig; path = "Config(release).xcconfig"; sourceTree = "<group>"; };
		356DBCC12A52925A00EC1F15 /* Environment.swift */ = {isa = PBXFileReference; lastKnownFileType = sourcecode.swift; path = Environment.swift; sourceTree = "<group>"; };
		356DBCC52A52BBB600EC1F15 /* OpenSans-VariableFont_wdth,wght.ttf */ = {isa = PBXFileReference; lastKnownFileType = file; name = "OpenSans-VariableFont_wdth,wght.ttf"; path = "../../관련자료/외부폰트/Open_Sans/OpenSans-VariableFont_wdth,wght.ttf"; sourceTree = "<group>"; };
		356E7A8C2A63BE0400EB7ABD /* ko */ = {isa = PBXFileReference; lastKnownFileType = text.plist.strings; name = ko; path = ko.lproj/Main.strings; sourceTree = "<group>"; };
		356E7A8D2A63BE0500EB7ABD /* ko */ = {isa = PBXFileReference; lastKnownFileType = text.plist.strings; name = ko; path = ko.lproj/LaunchScreen.strings; sourceTree = "<group>"; };
		3582D2C029E7D1D9003AB26C /* send_loading.json */ = {isa = PBXFileReference; fileEncoding = 4; lastKnownFileType = text.json; path = send_loading.json; sourceTree = "<group>"; };
		3582D2C529E906D0003AB26C /* Chat.swift */ = {isa = PBXFileReference; lastKnownFileType = sourcecode.swift; path = Chat.swift; sourceTree = "<group>"; };
		3584B58E2A1F609C000EF521 /* CustomAlertViewController.swift */ = {isa = PBXFileReference; lastKnownFileType = sourcecode.swift; path = CustomAlertViewController.swift; sourceTree = "<group>"; };
		3584B5912A285A37000EF521 /* UIColor+Extensions.swift */ = {isa = PBXFileReference; lastKnownFileType = sourcecode.swift; path = "UIColor+Extensions.swift"; sourceTree = "<group>"; };
		35A74E492A0B63F600A1DFE7 /* RxCocoa.framework */ = {isa = PBXFileReference; explicitFileType = wrapper.framework; path = RxCocoa.framework; sourceTree = BUILT_PRODUCTS_DIR; };
		35A74E4B2A0B640900A1DFE7 /* RxSwift.framework */ = {isa = PBXFileReference; explicitFileType = wrapper.framework; path = RxSwift.framework; sourceTree = BUILT_PRODUCTS_DIR; };
		35B3CB7E2A304E95007E7D6B /* Notification+Extensions.swift */ = {isa = PBXFileReference; lastKnownFileType = sourcecode.swift; path = "Notification+Extensions.swift"; sourceTree = "<group>"; };
		35B3CB842A39826F007E7D6B /* BalanceCardView.swift */ = {isa = PBXFileReference; lastKnownFileType = sourcecode.swift; path = BalanceCardView.swift; sourceTree = "<group>"; };
		35B3CB862A4043DE007E7D6B /* BalloonView.swift */ = {isa = PBXFileReference; lastKnownFileType = sourcecode.swift; path = BalloonView.swift; sourceTree = "<group>"; };
		35B3CB882A45729C007E7D6B /* ChatStorage.db */ = {isa = PBXFileReference; lastKnownFileType = file; name = ChatStorage.db; path = ../../../../../../../Documents/ChatStorage.db; sourceTree = "<group>"; };
		35B3CB8C2A4AC5EB007E7D6B /* OoohBaby-Regular.ttf */ = {isa = PBXFileReference; lastKnownFileType = file; name = "OoohBaby-Regular.ttf"; path = "../../관련자료/외부폰트/Oooh_Baby/OoohBaby-Regular.ttf"; sourceTree = "<group>"; };
		35B47ACD2A6A7577007B0C25 /* UIHelper.swift */ = {isa = PBXFileReference; lastKnownFileType = sourcecode.swift; path = UIHelper.swift; sourceTree = "<group>"; };
		35CBFAAD2A0CC4330053AEDE /* OSSettingsViewModel.swift */ = {isa = PBXFileReference; lastKnownFileType = sourcecode.swift; path = OSSettingsViewModel.swift; sourceTree = "<group>"; };
		35CBFAB12A1CCAA10053AEDE /* TooltipViewController.swift */ = {isa = PBXFileReference; lastKnownFileType = sourcecode.swift; path = TooltipViewController.swift; sourceTree = "<group>"; };
		35CE52932A00C82300158C85 /* CustomTableViewCell.swift */ = {isa = PBXFileReference; lastKnownFileType = sourcecode.swift; path = CustomTableViewCell.swift; sourceTree = "<group>"; };
		35DCA51D29D4216E0020984A /* chat_AI.app */ = {isa = PBXFileReference; explicitFileType = wrapper.application; includeInIndex = 0; path = chat_AI.app; sourceTree = BUILT_PRODUCTS_DIR; };
		35DCA52029D4216E0020984A /* AppDelegate.swift */ = {isa = PBXFileReference; lastKnownFileType = sourcecode.swift; path = AppDelegate.swift; sourceTree = "<group>"; };
		35DCA52229D4216E0020984A /* SceneDelegate.swift */ = {isa = PBXFileReference; lastKnownFileType = sourcecode.swift; path = SceneDelegate.swift; sourceTree = "<group>"; };
		35DCA52429D4216E0020984A /* MainViewController.swift */ = {isa = PBXFileReference; lastKnownFileType = sourcecode.swift; path = MainViewController.swift; sourceTree = "<group>"; };
		35DCA52729D4216E0020984A /* Base */ = {isa = PBXFileReference; lastKnownFileType = file.storyboard; name = Base; path = Base.lproj/Main.storyboard; sourceTree = "<group>"; };
		35DCA52929D421710020984A /* Assets.xcassets */ = {isa = PBXFileReference; lastKnownFileType = folder.assetcatalog; path = Assets.xcassets; sourceTree = "<group>"; };
		35DCA52C29D421710020984A /* Base */ = {isa = PBXFileReference; lastKnownFileType = file.storyboard; name = Base; path = Base.lproj/LaunchScreen.storyboard; sourceTree = "<group>"; };
		35DCA52E29D421710020984A /* Info.plist */ = {isa = PBXFileReference; lastKnownFileType = text.plist.xml; path = Info.plist; sourceTree = "<group>"; };
		35DCA53329D421710020984A /* chat_AITests.xctest */ = {isa = PBXFileReference; explicitFileType = wrapper.cfbundle; includeInIndex = 0; path = chat_AITests.xctest; sourceTree = BUILT_PRODUCTS_DIR; };
		35DCA53729D421710020984A /* chat_AITests.swift */ = {isa = PBXFileReference; lastKnownFileType = sourcecode.swift; path = chat_AITests.swift; sourceTree = "<group>"; };
		35DCA53D29D421710020984A /* chat_AIUITests.xctest */ = {isa = PBXFileReference; explicitFileType = wrapper.cfbundle; includeInIndex = 0; path = chat_AIUITests.xctest; sourceTree = BUILT_PRODUCTS_DIR; };
		35DCA54129D421710020984A /* chat_AIUITests.swift */ = {isa = PBXFileReference; lastKnownFileType = sourcecode.swift; path = chat_AIUITests.swift; sourceTree = "<group>"; };
		35DCA54329D421710020984A /* chat_AIUITestsLaunchTests.swift */ = {isa = PBXFileReference; lastKnownFileType = sourcecode.swift; path = chat_AIUITestsLaunchTests.swift; sourceTree = "<group>"; };
		35DCA55429D6C61C0020984A /* GPTChatViewModel.swift */ = {isa = PBXFileReference; lastKnownFileType = sourcecode.swift; path = GPTChatViewModel.swift; sourceTree = "<group>"; };
		35EC36992A9718C1004CC9C6 /* ChatRepository.swift */ = {isa = PBXFileReference; lastKnownFileType = sourcecode.swift; path = ChatRepository.swift; sourceTree = "<group>"; };
		35EC369B2A9C714B004CC9C6 /* SideMenuViewController.swift */ = {isa = PBXFileReference; lastKnownFileType = sourcecode.swift; path = SideMenuViewController.swift; sourceTree = "<group>"; };
		35EC369D2A9C9A60004CC9C6 /* SideMenuViewModel.swift */ = {isa = PBXFileReference; lastKnownFileType = sourcecode.swift; path = SideMenuViewModel.swift; sourceTree = "<group>"; };
		35EC369F2AA1A85D004CC9C6 /* DatabaseErrorHelper.swift */ = {isa = PBXFileReference; lastKnownFileType = sourcecode.swift; path = DatabaseErrorHelper.swift; sourceTree = "<group>"; };
		35F5071A2A56EB1B0030FAA4 /* FMDB.framework */ = {isa = PBXFileReference; explicitFileType = wrapper.framework; path = FMDB.framework; sourceTree = BUILT_PRODUCTS_DIR; };
		56E505AEBFA3C7DD18C9C74B /* Pods-chat_AITests.debug.xcconfig */ = {isa = PBXFileReference; includeInIndex = 1; lastKnownFileType = text.xcconfig; name = "Pods-chat_AITests.debug.xcconfig"; path = "Target Support Files/Pods-chat_AITests/Pods-chat_AITests.debug.xcconfig"; sourceTree = "<group>"; };
		5A61FC52F5870074967DDA53 /* Pods_chat_AI_chat_AIUITests.framework */ = {isa = PBXFileReference; explicitFileType = wrapper.framework; includeInIndex = 0; path = Pods_chat_AI_chat_AIUITests.framework; sourceTree = BUILT_PRODUCTS_DIR; };
		7575CC022EDD2BCA4E6947FA /* Pods_chat_AI.framework */ = {isa = PBXFileReference; explicitFileType = wrapper.framework; includeInIndex = 0; path = Pods_chat_AI.framework; sourceTree = BUILT_PRODUCTS_DIR; };
		899943E80F07BF8965A389D8 /* Pods-chat_AI-chat_AIUITests.release.xcconfig */ = {isa = PBXFileReference; includeInIndex = 1; lastKnownFileType = text.xcconfig; name = "Pods-chat_AI-chat_AIUITests.release.xcconfig"; path = "Target Support Files/Pods-chat_AI-chat_AIUITests/Pods-chat_AI-chat_AIUITests.release.xcconfig"; sourceTree = "<group>"; };
		C3377355E2EF887C2A107356 /* Pods-chat_AI.release.xcconfig */ = {isa = PBXFileReference; includeInIndex = 1; lastKnownFileType = text.xcconfig; name = "Pods-chat_AI.release.xcconfig"; path = "Target Support Files/Pods-chat_AI/Pods-chat_AI.release.xcconfig"; sourceTree = "<group>"; };
		D8F610B26AF48405765D890F /* Pods-chat_AITests.release.xcconfig */ = {isa = PBXFileReference; includeInIndex = 1; lastKnownFileType = text.xcconfig; name = "Pods-chat_AITests.release.xcconfig"; path = "Target Support Files/Pods-chat_AITests/Pods-chat_AITests.release.xcconfig"; sourceTree = "<group>"; };
		E32F789A9523B5BCFD67CB1C /* Pods-chat_AI-chat_AIUITests.debug.xcconfig */ = {isa = PBXFileReference; includeInIndex = 1; lastKnownFileType = text.xcconfig; name = "Pods-chat_AI-chat_AIUITests.debug.xcconfig"; path = "Target Support Files/Pods-chat_AI-chat_AIUITests/Pods-chat_AI-chat_AIUITests.debug.xcconfig"; sourceTree = "<group>"; };
		EB7D076461006CF3BEAFE4E8 /* Pods_chat_AITests.framework */ = {isa = PBXFileReference; explicitFileType = wrapper.framework; includeInIndex = 0; path = Pods_chat_AITests.framework; sourceTree = BUILT_PRODUCTS_DIR; };
/* End PBXFileReference section */

/* Begin PBXFrameworksBuildPhase section */
		35DCA51A29D4216E0020984A /* Frameworks */ = {
			isa = PBXFrameworksBuildPhase;
			buildActionMask = 2147483647;
			files = (
				FF1F12AA1B9B21DD7980DEC8 /* Pods_chat_AI.framework in Frameworks */,
			);
			runOnlyForDeploymentPostprocessing = 0;
		};
		35DCA53029D421710020984A /* Frameworks */ = {
			isa = PBXFrameworksBuildPhase;
			buildActionMask = 2147483647;
			files = (
				928B90588161C6786A249849 /* Pods_chat_AITests.framework in Frameworks */,
			);
			runOnlyForDeploymentPostprocessing = 0;
		};
		35DCA53A29D421710020984A /* Frameworks */ = {
			isa = PBXFrameworksBuildPhase;
			buildActionMask = 2147483647;
			files = (
				48CE9C57A74401C86D8631D3 /* Pods_chat_AI_chat_AIUITests.framework in Frameworks */,
			);
			runOnlyForDeploymentPostprocessing = 0;
		};
/* End PBXFrameworksBuildPhase section */

/* Begin PBXGroup section */
		356DBCC32A529BD300EC1F15 /* configurations */ = {
			isa = PBXGroup;
			children = (
				356DBCC02A5290D300EC1F15 /* Config(release).xcconfig */,
				356DBCBA2A52821600EC1F15 /* Config(debug).xcconfig */,
			);
			path = configurations;
			sourceTree = "<group>";
		};
		356DBCC42A52A8D200EC1F15 /* controller */ = {
			isa = PBXGroup;
			children = (
				356C061029F0CAA400ED33B7 /* InitialSetupViewController.swift */,
				35DCA52429D4216E0020984A /* MainViewController.swift */,
				352332142A08C38A003294B1 /* OSSettingsViewController.swift */,
				35CBFAB12A1CCAA10053AEDE /* TooltipViewController.swift */,
				3584B58E2A1F609C000EF521 /* CustomAlertViewController.swift */,
				35EC369B2A9C714B004CC9C6 /* SideMenuViewController.swift */,
			);
			path = controller;
			sourceTree = "<group>";
		};
		3582D2BF29E7D1A1003AB26C /* resource */ = {
			isa = PBXGroup;
			children = (
				356DBCC52A52BBB600EC1F15 /* OpenSans-VariableFont_wdth,wght.ttf */,
				35B3CB8C2A4AC5EB007E7D6B /* OoohBaby-Regular.ttf */,
				35B3CB882A45729C007E7D6B /* ChatStorage.db */,
				3582D2C029E7D1D9003AB26C /* send_loading.json */,
			);
			path = resource;
			sourceTree = "<group>";
		};
		3582D2C429E904E6003AB26C /* model */ = {
			isa = PBXGroup;
			children = (
				3582D2C529E906D0003AB26C /* Chat.swift */,
			);
			path = model;
			sourceTree = "<group>";
		};
		3584B5902A2859C4000EF521 /* commonExtensions */ = {
			isa = PBXGroup;
			children = (
				3584B5912A285A37000EF521 /* UIColor+Extensions.swift */,
				35B3CB7E2A304E95007E7D6B /* Notification+Extensions.swift */,
			);
			path = commonExtensions;
			sourceTree = "<group>";
		};
		35B47ACC2A6A755A007B0C25 /* Utility */ = {
			isa = PBXGroup;
			children = (
				35B47ACD2A6A7577007B0C25 /* UIHelper.swift */,
				35EC369F2AA1A85D004CC9C6 /* DatabaseErrorHelper.swift */,
			);
			path = Utility;
			sourceTree = "<group>";
		};
		35DCA51429D4216E0020984A = {
			isa = PBXGroup;
			children = (
				356DBCC32A529BD300EC1F15 /* configurations */,
				35DCA51F29D4216E0020984A /* chat_AI */,
				35DCA53629D421710020984A /* chat_AITests */,
				35DCA54029D421710020984A /* chat_AIUITests */,
				35DCA51E29D4216E0020984A /* Products */,
				4330D45F8E036641C0E45A95 /* Pods */,
				65663F61766DCD1E71F0A12C /* Frameworks */,
			);
			sourceTree = "<group>";
		};
		35DCA51E29D4216E0020984A /* Products */ = {
			isa = PBXGroup;
			children = (
				35DCA51D29D4216E0020984A /* chat_AI.app */,
				35DCA53329D421710020984A /* chat_AITests.xctest */,
				35DCA53D29D421710020984A /* chat_AIUITests.xctest */,
			);
			name = Products;
			sourceTree = "<group>";
		};
		35DCA51F29D4216E0020984A /* chat_AI */ = {
			isa = PBXGroup;
			children = (
				35B47ACC2A6A755A007B0C25 /* Utility */,
				356DBCC42A52A8D200EC1F15 /* controller */,
				35DCA55029D6AF880020984A /* view */,
				3584B5902A2859C4000EF521 /* commonExtensions */,
				3582D2C429E904E6003AB26C /* model */,
				35DCA55329D6C5BA0020984A /* viewModel */,
				35EC36982A97189A004CC9C6 /* repository */,
				3582D2BF29E7D1A1003AB26C /* resource */,
				356DBCC12A52925A00EC1F15 /* Environment.swift */,
				35DCA52029D4216E0020984A /* AppDelegate.swift */,
				35DCA52229D4216E0020984A /* SceneDelegate.swift */,
				35DCA52629D4216E0020984A /* Main.storyboard */,
				35DCA52929D421710020984A /* Assets.xcassets */,
				35DCA52B29D421710020984A /* LaunchScreen.storyboard */,
				35DCA52E29D421710020984A /* Info.plist */,
			);
			path = chat_AI;
			sourceTree = "<group>";
		};
		35DCA53629D421710020984A /* chat_AITests */ = {
			isa = PBXGroup;
			children = (
				35DCA53729D421710020984A /* chat_AITests.swift */,
			);
			path = chat_AITests;
			sourceTree = "<group>";
		};
		35DCA54029D421710020984A /* chat_AIUITests */ = {
			isa = PBXGroup;
			children = (
				35DCA54129D421710020984A /* chat_AIUITests.swift */,
				35DCA54329D421710020984A /* chat_AIUITestsLaunchTests.swift */,
			);
			path = chat_AIUITests;
			sourceTree = "<group>";
		};
		35DCA55029D6AF880020984A /* view */ = {
			isa = PBXGroup;
			children = (
				3521F73829DEB6AD009E51C2 /* ChatBubbleView.swift */,
				3521F73A29DEC859009E51C2 /* PaddedLabel.swift */,
				35CE52932A00C82300158C85 /* CustomTableViewCell.swift */,
				352C023E2A56718000AC6B51 /* SendButton.swift */,
				35B3CB842A39826F007E7D6B /* BalanceCardView.swift */,
				35B3CB862A4043DE007E7D6B /* BalloonView.swift */,
			);
			path = view;
			sourceTree = "<group>";
		};
		35DCA55329D6C5BA0020984A /* viewModel */ = {
			isa = PBXGroup;
			children = (
				35DCA55429D6C61C0020984A /* GPTChatViewModel.swift */,
				35CBFAAD2A0CC4330053AEDE /* OSSettingsViewModel.swift */,
				35EC369D2A9C9A60004CC9C6 /* SideMenuViewModel.swift */,
			);
			path = viewModel;
			sourceTree = "<group>";
		};
		35EC36982A97189A004CC9C6 /* repository */ = {
			isa = PBXGroup;
			children = (
				35EC36992A9718C1004CC9C6 /* ChatRepository.swift */,
			);
			path = repository;
			sourceTree = "<group>";
		};
		4330D45F8E036641C0E45A95 /* Pods */ = {
			isa = PBXGroup;
			children = (
				21544A4086C3F648EBF71786 /* Pods-chat_AI.debug.xcconfig */,
				C3377355E2EF887C2A107356 /* Pods-chat_AI.release.xcconfig */,
				E32F789A9523B5BCFD67CB1C /* Pods-chat_AI-chat_AIUITests.debug.xcconfig */,
				899943E80F07BF8965A389D8 /* Pods-chat_AI-chat_AIUITests.release.xcconfig */,
				56E505AEBFA3C7DD18C9C74B /* Pods-chat_AITests.debug.xcconfig */,
				D8F610B26AF48405765D890F /* Pods-chat_AITests.release.xcconfig */,
			);
			path = Pods;
			sourceTree = "<group>";
		};
		65663F61766DCD1E71F0A12C /* Frameworks */ = {
			isa = PBXGroup;
			children = (
				35F5071A2A56EB1B0030FAA4 /* FMDB.framework */,
				352816452A0B650B009FC9CD /* FMDB.framework */,
				35A74E4B2A0B640900A1DFE7 /* RxSwift.framework */,
				35A74E492A0B63F600A1DFE7 /* RxCocoa.framework */,
				352332212A0B483E003294B1 /* XCTest.framework */,
				7575CC022EDD2BCA4E6947FA /* Pods_chat_AI.framework */,
				5A61FC52F5870074967DDA53 /* Pods_chat_AI_chat_AIUITests.framework */,
				EB7D076461006CF3BEAFE4E8 /* Pods_chat_AITests.framework */,
			);
			name = Frameworks;
			sourceTree = "<group>";
		};
/* End PBXGroup section */

/* Begin PBXNativeTarget section */
		35DCA51C29D4216E0020984A /* chat_AI */ = {
			isa = PBXNativeTarget;
			buildConfigurationList = 35DCA54729D421710020984A /* Build configuration list for PBXNativeTarget "chat_AI" */;
			buildPhases = (
				1A8B4207746615B6E138C266 /* [CP] Check Pods Manifest.lock */,
				35DCA51929D4216E0020984A /* Sources */,
				35DCA51A29D4216E0020984A /* Frameworks */,
				35DCA51B29D4216E0020984A /* Resources */,
				838A527154DD9C34B1B780EC /* [CP] Embed Pods Frameworks */,
			);
			buildRules = (
			);
			dependencies = (
			);
			name = chat_AI;
			productName = chat_AI;
			productReference = 35DCA51D29D4216E0020984A /* chat_AI.app */;
			productType = "com.apple.product-type.application";
		};
		35DCA53229D421710020984A /* chat_AITests */ = {
			isa = PBXNativeTarget;
			buildConfigurationList = 35DCA54A29D421710020984A /* Build configuration list for PBXNativeTarget "chat_AITests" */;
			buildPhases = (
				A5BE6096EAB809CDF638CE32 /* [CP] Check Pods Manifest.lock */,
				35DCA52F29D421710020984A /* Sources */,
				35DCA53029D421710020984A /* Frameworks */,
				35DCA53129D421710020984A /* Resources */,
			);
			buildRules = (
			);
			dependencies = (
				35DCA53529D421710020984A /* PBXTargetDependency */,
			);
			name = chat_AITests;
			productName = chat_AITests;
			productReference = 35DCA53329D421710020984A /* chat_AITests.xctest */;
			productType = "com.apple.product-type.bundle.unit-test";
		};
		35DCA53C29D421710020984A /* chat_AIUITests */ = {
			isa = PBXNativeTarget;
			buildConfigurationList = 35DCA54D29D421710020984A /* Build configuration list for PBXNativeTarget "chat_AIUITests" */;
			buildPhases = (
				4FF618879C7CE0AF9FC308DC /* [CP] Check Pods Manifest.lock */,
				35DCA53929D421710020984A /* Sources */,
				35DCA53A29D421710020984A /* Frameworks */,
				35DCA53B29D421710020984A /* Resources */,
				F86305C9FB6ACAE5716F709C /* [CP] Embed Pods Frameworks */,
			);
			buildRules = (
			);
			dependencies = (
				35DCA53F29D421710020984A /* PBXTargetDependency */,
			);
			name = chat_AIUITests;
			productName = chat_AIUITests;
			productReference = 35DCA53D29D421710020984A /* chat_AIUITests.xctest */;
			productType = "com.apple.product-type.bundle.ui-testing";
		};
/* End PBXNativeTarget section */

/* Begin PBXProject section */
		35DCA51529D4216E0020984A /* Project object */ = {
			isa = PBXProject;
			attributes = {
				BuildIndependentTargetsInParallel = 1;
				LastSwiftUpdateCheck = 1420;
				LastUpgradeCheck = 1430;
				TargetAttributes = {
					35DCA51C29D4216E0020984A = {
						CreatedOnToolsVersion = 14.2;
					};
					35DCA53229D421710020984A = {
						CreatedOnToolsVersion = 14.2;
						TestTargetID = 35DCA51C29D4216E0020984A;
					};
					35DCA53C29D421710020984A = {
						CreatedOnToolsVersion = 14.2;
						TestTargetID = 35DCA51C29D4216E0020984A;
					};
				};
			};
			buildConfigurationList = 35DCA51829D4216E0020984A /* Build configuration list for PBXProject "chat_AI" */;
			compatibilityVersion = "Xcode 14.0";
			developmentRegion = ko;
			hasScannedForEncodings = 0;
			knownRegions = (
				en,
				Base,
				ko,
			);
			mainGroup = 35DCA51429D4216E0020984A;
			productRefGroup = 35DCA51E29D4216E0020984A /* Products */;
			projectDirPath = "";
			projectRoot = "";
			targets = (
				35DCA51C29D4216E0020984A /* chat_AI */,
				35DCA53229D421710020984A /* chat_AITests */,
				35DCA53C29D421710020984A /* chat_AIUITests */,
			);
		};
/* End PBXProject section */

/* Begin PBXResourcesBuildPhase section */
		35DCA51B29D4216E0020984A /* Resources */ = {
			isa = PBXResourcesBuildPhase;
			buildActionMask = 2147483647;
			files = (
				35B3CB8D2A4AC5EB007E7D6B /* OoohBaby-Regular.ttf in Resources */,
				35B3CB892A45729C007E7D6B /* ChatStorage.db in Resources */,
				35DCA52D29D421710020984A /* LaunchScreen.storyboard in Resources */,
				356DBCC62A52BBB600EC1F15 /* OpenSans-VariableFont_wdth,wght.ttf in Resources */,
				35DCA52A29D421710020984A /* Assets.xcassets in Resources */,
				3582D2C129E7D1D9003AB26C /* send_loading.json in Resources */,
				35DCA52829D4216E0020984A /* Main.storyboard in Resources */,
			);
			runOnlyForDeploymentPostprocessing = 0;
		};
		35DCA53129D421710020984A /* Resources */ = {
			isa = PBXResourcesBuildPhase;
			buildActionMask = 2147483647;
			files = (
			);
			runOnlyForDeploymentPostprocessing = 0;
		};
		35DCA53B29D421710020984A /* Resources */ = {
			isa = PBXResourcesBuildPhase;
			buildActionMask = 2147483647;
			files = (
			);
			runOnlyForDeploymentPostprocessing = 0;
		};
/* End PBXResourcesBuildPhase section */

/* Begin PBXShellScriptBuildPhase section */
		1A8B4207746615B6E138C266 /* [CP] Check Pods Manifest.lock */ = {
			isa = PBXShellScriptBuildPhase;
			buildActionMask = 2147483647;
			files = (
			);
			inputFileListPaths = (
			);
			inputPaths = (
				"${PODS_PODFILE_DIR_PATH}/Podfile.lock",
				"${PODS_ROOT}/Manifest.lock",
			);
			name = "[CP] Check Pods Manifest.lock";
			outputFileListPaths = (
			);
			outputPaths = (
				"$(DERIVED_FILE_DIR)/Pods-chat_AI-checkManifestLockResult.txt",
			);
			runOnlyForDeploymentPostprocessing = 0;
			shellPath = /bin/sh;
			shellScript = "diff \"${PODS_PODFILE_DIR_PATH}/Podfile.lock\" \"${PODS_ROOT}/Manifest.lock\" > /dev/null\nif [ $? != 0 ] ; then\n    # print error to STDERR\n    echo \"error: The sandbox is not in sync with the Podfile.lock. Run 'pod install' or update your CocoaPods installation.\" >&2\n    exit 1\nfi\n# This output is used by Xcode 'outputs' to avoid re-running this script phase.\necho \"SUCCESS\" > \"${SCRIPT_OUTPUT_FILE_0}\"\n";
			showEnvVarsInLog = 0;
		};
		4FF618879C7CE0AF9FC308DC /* [CP] Check Pods Manifest.lock */ = {
			isa = PBXShellScriptBuildPhase;
			buildActionMask = 2147483647;
			files = (
			);
			inputFileListPaths = (
			);
			inputPaths = (
				"${PODS_PODFILE_DIR_PATH}/Podfile.lock",
				"${PODS_ROOT}/Manifest.lock",
			);
			name = "[CP] Check Pods Manifest.lock";
			outputFileListPaths = (
			);
			outputPaths = (
				"$(DERIVED_FILE_DIR)/Pods-chat_AI-chat_AIUITests-checkManifestLockResult.txt",
			);
			runOnlyForDeploymentPostprocessing = 0;
			shellPath = /bin/sh;
			shellScript = "diff \"${PODS_PODFILE_DIR_PATH}/Podfile.lock\" \"${PODS_ROOT}/Manifest.lock\" > /dev/null\nif [ $? != 0 ] ; then\n    # print error to STDERR\n    echo \"error: The sandbox is not in sync with the Podfile.lock. Run 'pod install' or update your CocoaPods installation.\" >&2\n    exit 1\nfi\n# This output is used by Xcode 'outputs' to avoid re-running this script phase.\necho \"SUCCESS\" > \"${SCRIPT_OUTPUT_FILE_0}\"\n";
			showEnvVarsInLog = 0;
		};
		838A527154DD9C34B1B780EC /* [CP] Embed Pods Frameworks */ = {
			isa = PBXShellScriptBuildPhase;
			buildActionMask = 2147483647;
			files = (
			);
			inputFileListPaths = (
				"${PODS_ROOT}/Target Support Files/Pods-chat_AI/Pods-chat_AI-frameworks-${CONFIGURATION}-input-files.xcfilelist",
			);
			name = "[CP] Embed Pods Frameworks";
			outputFileListPaths = (
				"${PODS_ROOT}/Target Support Files/Pods-chat_AI/Pods-chat_AI-frameworks-${CONFIGURATION}-output-files.xcfilelist",
			);
			runOnlyForDeploymentPostprocessing = 0;
			shellPath = /bin/sh;
			shellScript = "\"${PODS_ROOT}/Target Support Files/Pods-chat_AI/Pods-chat_AI-frameworks.sh\"\n";
			showEnvVarsInLog = 0;
		};
		A5BE6096EAB809CDF638CE32 /* [CP] Check Pods Manifest.lock */ = {
			isa = PBXShellScriptBuildPhase;
			buildActionMask = 2147483647;
			files = (
			);
			inputFileListPaths = (
			);
			inputPaths = (
				"${PODS_PODFILE_DIR_PATH}/Podfile.lock",
				"${PODS_ROOT}/Manifest.lock",
			);
			name = "[CP] Check Pods Manifest.lock";
			outputFileListPaths = (
			);
			outputPaths = (
				"$(DERIVED_FILE_DIR)/Pods-chat_AITests-checkManifestLockResult.txt",
			);
			runOnlyForDeploymentPostprocessing = 0;
			shellPath = /bin/sh;
			shellScript = "diff \"${PODS_PODFILE_DIR_PATH}/Podfile.lock\" \"${PODS_ROOT}/Manifest.lock\" > /dev/null\nif [ $? != 0 ] ; then\n    # print error to STDERR\n    echo \"error: The sandbox is not in sync with the Podfile.lock. Run 'pod install' or update your CocoaPods installation.\" >&2\n    exit 1\nfi\n# This output is used by Xcode 'outputs' to avoid re-running this script phase.\necho \"SUCCESS\" > \"${SCRIPT_OUTPUT_FILE_0}\"\n";
			showEnvVarsInLog = 0;
		};
		F86305C9FB6ACAE5716F709C /* [CP] Embed Pods Frameworks */ = {
			isa = PBXShellScriptBuildPhase;
			buildActionMask = 2147483647;
			files = (
			);
			inputFileListPaths = (
				"${PODS_ROOT}/Target Support Files/Pods-chat_AI-chat_AIUITests/Pods-chat_AI-chat_AIUITests-frameworks-${CONFIGURATION}-input-files.xcfilelist",
			);
			name = "[CP] Embed Pods Frameworks";
			outputFileListPaths = (
				"${PODS_ROOT}/Target Support Files/Pods-chat_AI-chat_AIUITests/Pods-chat_AI-chat_AIUITests-frameworks-${CONFIGURATION}-output-files.xcfilelist",
			);
			runOnlyForDeploymentPostprocessing = 0;
			shellPath = /bin/sh;
			shellScript = "\"${PODS_ROOT}/Target Support Files/Pods-chat_AI-chat_AIUITests/Pods-chat_AI-chat_AIUITests-frameworks.sh\"\n";
			showEnvVarsInLog = 0;
		};
/* End PBXShellScriptBuildPhase section */

/* Begin PBXSourcesBuildPhase section */
		35DCA51929D4216E0020984A /* Sources */ = {
			isa = PBXSourcesBuildPhase;
			buildActionMask = 2147483647;
			files = (
				352C023F2A56718000AC6B51 /* SendButton.swift in Sources */,
				356C061129F0CAA400ED33B7 /* InitialSetupViewController.swift in Sources */,
				3521F73929DEB6AD009E51C2 /* ChatBubbleView.swift in Sources */,
				35EC36A02AA1A85D004CC9C6 /* DatabaseErrorHelper.swift in Sources */,
				35B47ACE2A6A7577007B0C25 /* UIHelper.swift in Sources */,
				3584B58F2A1F609C000EF521 /* CustomAlertViewController.swift in Sources */,
				35CBFAAE2A0CC4330053AEDE /* OSSettingsViewModel.swift in Sources */,
				352332152A08C38A003294B1 /* OSSettingsViewController.swift in Sources */,
				35DCA52529D4216E0020984A /* MainViewController.swift in Sources */,
				3584B5922A285A37000EF521 /* UIColor+Extensions.swift in Sources */,
				35EC369A2A9718C1004CC9C6 /* ChatRepository.swift in Sources */,
				3582D2C629E906D0003AB26C /* Chat.swift in Sources */,
				35B3CB7F2A304E95007E7D6B /* Notification+Extensions.swift in Sources */,
				35DCA52129D4216E0020984A /* AppDelegate.swift in Sources */,
				35CBFAB22A1CCAA10053AEDE /* TooltipViewController.swift in Sources */,
				3521F73B29DEC859009E51C2 /* PaddedLabel.swift in Sources */,
				35CE52942A00C82300158C85 /* CustomTableViewCell.swift in Sources */,
				35EC369E2A9C9A61004CC9C6 /* SideMenuViewModel.swift in Sources */,
				35DCA55529D6C61C0020984A /* GPTChatViewModel.swift in Sources */,
				356DBCC22A52925A00EC1F15 /* Environment.swift in Sources */,
				35B3CB852A39826F007E7D6B /* BalanceCardView.swift in Sources */,
				35EC369C2A9C714B004CC9C6 /* SideMenuViewController.swift in Sources */,
				35B3CB872A4043DE007E7D6B /* BalloonView.swift in Sources */,
				35DCA52329D4216E0020984A /* SceneDelegate.swift in Sources */,
			);
			runOnlyForDeploymentPostprocessing = 0;
		};
		35DCA52F29D421710020984A /* Sources */ = {
			isa = PBXSourcesBuildPhase;
			buildActionMask = 2147483647;
			files = (
				35DCA53829D421710020984A /* chat_AITests.swift in Sources */,
			);
			runOnlyForDeploymentPostprocessing = 0;
		};
		35DCA53929D421710020984A /* Sources */ = {
			isa = PBXSourcesBuildPhase;
			buildActionMask = 2147483647;
			files = (
				35DCA54429D421710020984A /* chat_AIUITestsLaunchTests.swift in Sources */,
				35DCA54229D421710020984A /* chat_AIUITests.swift in Sources */,
			);
			runOnlyForDeploymentPostprocessing = 0;
		};
/* End PBXSourcesBuildPhase section */

/* Begin PBXTargetDependency section */
		35DCA53529D421710020984A /* PBXTargetDependency */ = {
			isa = PBXTargetDependency;
			target = 35DCA51C29D4216E0020984A /* chat_AI */;
			targetProxy = 35DCA53429D421710020984A /* PBXContainerItemProxy */;
		};
		35DCA53F29D421710020984A /* PBXTargetDependency */ = {
			isa = PBXTargetDependency;
			target = 35DCA51C29D4216E0020984A /* chat_AI */;
			targetProxy = 35DCA53E29D421710020984A /* PBXContainerItemProxy */;
		};
/* End PBXTargetDependency section */

/* Begin PBXVariantGroup section */
		35DCA52629D4216E0020984A /* Main.storyboard */ = {
			isa = PBXVariantGroup;
			children = (
				35DCA52729D4216E0020984A /* Base */,
				356E7A8C2A63BE0400EB7ABD /* ko */,
			);
			name = Main.storyboard;
			sourceTree = "<group>";
		};
		35DCA52B29D421710020984A /* LaunchScreen.storyboard */ = {
			isa = PBXVariantGroup;
			children = (
				35DCA52C29D421710020984A /* Base */,
				356E7A8D2A63BE0500EB7ABD /* ko */,
			);
			name = LaunchScreen.storyboard;
			sourceTree = "<group>";
		};
/* End PBXVariantGroup section */

/* Begin XCBuildConfiguration section */
		35DCA54529D421710020984A /* Debug */ = {
			isa = XCBuildConfiguration;
			buildSettings = {
				ALWAYS_SEARCH_USER_PATHS = NO;
				CLANG_ANALYZER_LOCALIZABILITY_NONLOCALIZED = YES;
				CLANG_ANALYZER_NONNULL = YES;
				CLANG_ANALYZER_NUMBER_OBJECT_CONVERSION = YES_AGGRESSIVE;
				CLANG_CXX_LANGUAGE_STANDARD = "gnu++20";
				CLANG_ENABLE_MODULES = YES;
				CLANG_ENABLE_OBJC_ARC = YES;
				CLANG_ENABLE_OBJC_WEAK = YES;
				CLANG_WARN_BLOCK_CAPTURE_AUTORELEASING = YES;
				CLANG_WARN_BOOL_CONVERSION = YES;
				CLANG_WARN_COMMA = YES;
				CLANG_WARN_CONSTANT_CONVERSION = YES;
				CLANG_WARN_DEPRECATED_OBJC_IMPLEMENTATIONS = YES;
				CLANG_WARN_DIRECT_OBJC_ISA_USAGE = YES_ERROR;
				CLANG_WARN_DOCUMENTATION_COMMENTS = YES;
				CLANG_WARN_EMPTY_BODY = YES;
				CLANG_WARN_ENUM_CONVERSION = YES;
				CLANG_WARN_INFINITE_RECURSION = YES;
				CLANG_WARN_INT_CONVERSION = YES;
				CLANG_WARN_NON_LITERAL_NULL_CONVERSION = YES;
				CLANG_WARN_OBJC_IMPLICIT_RETAIN_SELF = YES;
				CLANG_WARN_OBJC_LITERAL_CONVERSION = YES;
				CLANG_WARN_OBJC_ROOT_CLASS = YES_ERROR;
				CLANG_WARN_QUOTED_INCLUDE_IN_FRAMEWORK_HEADER = YES;
				CLANG_WARN_RANGE_LOOP_ANALYSIS = YES;
				CLANG_WARN_STRICT_PROTOTYPES = YES;
				CLANG_WARN_SUSPICIOUS_MOVE = YES;
				CLANG_WARN_UNGUARDED_AVAILABILITY = YES_AGGRESSIVE;
				CLANG_WARN_UNREACHABLE_CODE = YES;
				CLANG_WARN__DUPLICATE_METHOD_MATCH = YES;
				COPY_PHASE_STRIP = NO;
				DEBUG_INFORMATION_FORMAT = dwarf;
				ENABLE_STRICT_OBJC_MSGSEND = YES;
				ENABLE_TESTABILITY = YES;
				GCC_C_LANGUAGE_STANDARD = gnu11;
				GCC_DYNAMIC_NO_PIC = NO;
				GCC_NO_COMMON_BLOCKS = YES;
				GCC_OPTIMIZATION_LEVEL = 0;
				GCC_PREPROCESSOR_DEFINITIONS = (
					"DEBUG=1",
					"$(inherited)",
				);
				GCC_WARN_64_TO_32_BIT_CONVERSION = YES;
				GCC_WARN_ABOUT_RETURN_TYPE = YES_ERROR;
				GCC_WARN_UNDECLARED_SELECTOR = YES;
				GCC_WARN_UNINITIALIZED_AUTOS = YES_AGGRESSIVE;
				GCC_WARN_UNUSED_FUNCTION = YES;
				GCC_WARN_UNUSED_VARIABLE = YES;
				IPHONEOS_DEPLOYMENT_TARGET = 13.0;
				MTL_ENABLE_DEBUG_INFO = INCLUDE_SOURCE;
				MTL_FAST_MATH = YES;
				ONLY_ACTIVE_ARCH = YES;
				SDKROOT = iphoneos;
				SWIFT_ACTIVE_COMPILATION_CONDITIONS = DEBUG;
				SWIFT_OPTIMIZATION_LEVEL = "-Onone";
			};
			name = Debug;
		};
		35DCA54629D421710020984A /* Release */ = {
			isa = XCBuildConfiguration;
			buildSettings = {
				ALWAYS_SEARCH_USER_PATHS = NO;
				CLANG_ANALYZER_LOCALIZABILITY_NONLOCALIZED = YES;
				CLANG_ANALYZER_NONNULL = YES;
				CLANG_ANALYZER_NUMBER_OBJECT_CONVERSION = YES_AGGRESSIVE;
				CLANG_CXX_LANGUAGE_STANDARD = "gnu++20";
				CLANG_ENABLE_MODULES = YES;
				CLANG_ENABLE_OBJC_ARC = YES;
				CLANG_ENABLE_OBJC_WEAK = YES;
				CLANG_WARN_BLOCK_CAPTURE_AUTORELEASING = YES;
				CLANG_WARN_BOOL_CONVERSION = YES;
				CLANG_WARN_COMMA = YES;
				CLANG_WARN_CONSTANT_CONVERSION = YES;
				CLANG_WARN_DEPRECATED_OBJC_IMPLEMENTATIONS = YES;
				CLANG_WARN_DIRECT_OBJC_ISA_USAGE = YES_ERROR;
				CLANG_WARN_DOCUMENTATION_COMMENTS = YES;
				CLANG_WARN_EMPTY_BODY = YES;
				CLANG_WARN_ENUM_CONVERSION = YES;
				CLANG_WARN_INFINITE_RECURSION = YES;
				CLANG_WARN_INT_CONVERSION = YES;
				CLANG_WARN_NON_LITERAL_NULL_CONVERSION = YES;
				CLANG_WARN_OBJC_IMPLICIT_RETAIN_SELF = YES;
				CLANG_WARN_OBJC_LITERAL_CONVERSION = YES;
				CLANG_WARN_OBJC_ROOT_CLASS = YES_ERROR;
				CLANG_WARN_QUOTED_INCLUDE_IN_FRAMEWORK_HEADER = YES;
				CLANG_WARN_RANGE_LOOP_ANALYSIS = YES;
				CLANG_WARN_STRICT_PROTOTYPES = YES;
				CLANG_WARN_SUSPICIOUS_MOVE = YES;
				CLANG_WARN_UNGUARDED_AVAILABILITY = YES_AGGRESSIVE;
				CLANG_WARN_UNREACHABLE_CODE = YES;
				CLANG_WARN__DUPLICATE_METHOD_MATCH = YES;
				COPY_PHASE_STRIP = NO;
				DEBUG_INFORMATION_FORMAT = "dwarf-with-dsym";
				ENABLE_NS_ASSERTIONS = NO;
				ENABLE_STRICT_OBJC_MSGSEND = YES;
				GCC_C_LANGUAGE_STANDARD = gnu11;
				GCC_NO_COMMON_BLOCKS = YES;
				GCC_WARN_64_TO_32_BIT_CONVERSION = YES;
				GCC_WARN_ABOUT_RETURN_TYPE = YES_ERROR;
				GCC_WARN_UNDECLARED_SELECTOR = YES;
				GCC_WARN_UNINITIALIZED_AUTOS = YES_AGGRESSIVE;
				GCC_WARN_UNUSED_FUNCTION = YES;
				GCC_WARN_UNUSED_VARIABLE = YES;
				IPHONEOS_DEPLOYMENT_TARGET = 13.0;
				MTL_ENABLE_DEBUG_INFO = NO;
				MTL_FAST_MATH = YES;
				SDKROOT = iphoneos;
				SWIFT_COMPILATION_MODE = wholemodule;
				SWIFT_OPTIMIZATION_LEVEL = "-O";
				VALIDATE_PRODUCT = YES;
			};
			name = Release;
		};
		35DCA54829D421710020984A /* Debug */ = {
			isa = XCBuildConfiguration;
			baseConfigurationReference = 356DBCBA2A52821600EC1F15 /* Config(debug).xcconfig */;
			buildSettings = {
				ASSETCATALOG_COMPILER_APPICON_NAME = AppIcon;
				ASSETCATALOG_COMPILER_GLOBAL_ACCENT_COLOR_NAME = AccentColor;
				CODE_SIGN_STYLE = Automatic;
				CURRENT_PROJECT_VERSION = 9;
				DEVELOPMENT_TEAM = YNN2UAMM79;
				GENERATE_INFOPLIST_FILE = YES;
				INFOPLIST_FILE = chat_AI/Info.plist;
				INFOPLIST_KEY_CFBundleDisplayName = OS1;
				INFOPLIST_KEY_LSApplicationCategoryType = "public.app-category.productivity";
				INFOPLIST_KEY_UIApplicationSupportsIndirectInputEvents = YES;
				INFOPLIST_KEY_UILaunchStoryboardName = LaunchScreen;
				INFOPLIST_KEY_UIMainStoryboardFile = Main;
				INFOPLIST_KEY_UIRequiresFullScreen = YES;
				INFOPLIST_KEY_UISupportedInterfaceOrientations = UIInterfaceOrientationPortrait;
				INFOPLIST_KEY_UISupportedInterfaceOrientations_iPad = "UIInterfaceOrientationPortrait UIInterfaceOrientationPortraitUpsideDown";
				IPHONEOS_DEPLOYMENT_TARGET = 13.0;
				LD_RUNPATH_SEARCH_PATHS = (
					"$(inherited)",
					"@executable_path/Frameworks",
				);
				MARKETING_VERSION = 1.0.2;
				PRODUCT_BUNDLE_IDENTIFIER = "com.cwh2626.chat-AI.OS1";
				PRODUCT_NAME = "$(TARGET_NAME)";
				SUPPORTED_PLATFORMS = "iphoneos iphonesimulator";
				SUPPORTS_MACCATALYST = NO;
				SUPPORTS_MAC_DESIGNED_FOR_IPHONE_IPAD = NO;
				SWIFT_EMIT_LOC_STRINGS = YES;
				SWIFT_VERSION = 5.0;
				TARGETED_DEVICE_FAMILY = "1,2";
			};
			name = Debug;
		};
		35DCA54929D421710020984A /* Release */ = {
			isa = XCBuildConfiguration;
			baseConfigurationReference = 356DBCC02A5290D300EC1F15 /* Config(release).xcconfig */;
			buildSettings = {
				ASSETCATALOG_COMPILER_APPICON_NAME = AppIcon;
				ASSETCATALOG_COMPILER_GLOBAL_ACCENT_COLOR_NAME = AccentColor;
				CODE_SIGN_STYLE = Automatic;
				CURRENT_PROJECT_VERSION = 9;
				DEVELOPMENT_TEAM = YNN2UAMM79;
				GENERATE_INFOPLIST_FILE = YES;
				INFOPLIST_FILE = chat_AI/Info.plist;
				INFOPLIST_KEY_CFBundleDisplayName = OS1;
				INFOPLIST_KEY_LSApplicationCategoryType = "public.app-category.productivity";
				INFOPLIST_KEY_UIApplicationSupportsIndirectInputEvents = YES;
				INFOPLIST_KEY_UILaunchStoryboardName = LaunchScreen;
				INFOPLIST_KEY_UIMainStoryboardFile = Main;
				INFOPLIST_KEY_UIRequiresFullScreen = YES;
				INFOPLIST_KEY_UISupportedInterfaceOrientations = UIInterfaceOrientationPortrait;
				INFOPLIST_KEY_UISupportedInterfaceOrientations_iPad = "UIInterfaceOrientationPortrait UIInterfaceOrientationPortraitUpsideDown";
				IPHONEOS_DEPLOYMENT_TARGET = 13.0;
				LD_RUNPATH_SEARCH_PATHS = (
					"$(inherited)",
					"@executable_path/Frameworks",
				);
				MARKETING_VERSION = 1.0.2;
				PRODUCT_BUNDLE_IDENTIFIER = "com.cwh2626.chat-AI.OS1";
				PRODUCT_NAME = "$(TARGET_NAME)";
				SUPPORTED_PLATFORMS = "iphoneos iphonesimulator";
				SUPPORTS_MACCATALYST = NO;
				SUPPORTS_MAC_DESIGNED_FOR_IPHONE_IPAD = NO;
				SWIFT_EMIT_LOC_STRINGS = YES;
				SWIFT_VERSION = 5.0;
				TARGETED_DEVICE_FAMILY = "1,2";
			};
			name = Release;
		};
		35DCA54B29D421710020984A /* Debug */ = {
			isa = XCBuildConfiguration;
			baseConfigurationReference = 56E505AEBFA3C7DD18C9C74B /* Pods-chat_AITests.debug.xcconfig */;
			buildSettings = {
				ALWAYS_EMBED_SWIFT_STANDARD_LIBRARIES = YES;
				BUNDLE_LOADER = "$(TEST_HOST)";
				CODE_SIGN_STYLE = Automatic;
				CURRENT_PROJECT_VERSION = 1;
				GENERATE_INFOPLIST_FILE = YES;
				IPHONEOS_DEPLOYMENT_TARGET = 16.2;
				MARKETING_VERSION = 1.0;
				PRODUCT_BUNDLE_IDENTIFIER = "com.vanillastepdev.example.chat-AITests";
				PRODUCT_NAME = "$(TARGET_NAME)";
				SWIFT_EMIT_LOC_STRINGS = NO;
				SWIFT_VERSION = 5.0;
				TARGETED_DEVICE_FAMILY = "1,2";
				TEST_HOST = "$(BUILT_PRODUCTS_DIR)/chat_AI.app/$(BUNDLE_EXECUTABLE_FOLDER_PATH)/chat_AI";
			};
			name = Debug;
		};
		35DCA54C29D421710020984A /* Release */ = {
			isa = XCBuildConfiguration;
			baseConfigurationReference = D8F610B26AF48405765D890F /* Pods-chat_AITests.release.xcconfig */;
			buildSettings = {
				ALWAYS_EMBED_SWIFT_STANDARD_LIBRARIES = YES;
				BUNDLE_LOADER = "$(TEST_HOST)";
				CODE_SIGN_STYLE = Automatic;
				CURRENT_PROJECT_VERSION = 1;
				GENERATE_INFOPLIST_FILE = YES;
				IPHONEOS_DEPLOYMENT_TARGET = 16.2;
				MARKETING_VERSION = 1.0;
				PRODUCT_BUNDLE_IDENTIFIER = "com.vanillastepdev.example.chat-AITests";
				PRODUCT_NAME = "$(TARGET_NAME)";
				SWIFT_EMIT_LOC_STRINGS = NO;
				SWIFT_VERSION = 5.0;
				TARGETED_DEVICE_FAMILY = "1,2";
				TEST_HOST = "$(BUILT_PRODUCTS_DIR)/chat_AI.app/$(BUNDLE_EXECUTABLE_FOLDER_PATH)/chat_AI";
			};
			name = Release;
		};
		35DCA54E29D421710020984A /* Debug */ = {
			isa = XCBuildConfiguration;
			baseConfigurationReference = E32F789A9523B5BCFD67CB1C /* Pods-chat_AI-chat_AIUITests.debug.xcconfig */;
			buildSettings = {
				ALWAYS_EMBED_SWIFT_STANDARD_LIBRARIES = "$(inherited)";
				CODE_SIGN_STYLE = Automatic;
				CURRENT_PROJECT_VERSION = 1;
				GENERATE_INFOPLIST_FILE = YES;
				MARKETING_VERSION = 1.0;
				PRODUCT_BUNDLE_IDENTIFIER = "com.vanillastepdev.example.chat-AIUITests";
				PRODUCT_NAME = "$(TARGET_NAME)";
				SWIFT_EMIT_LOC_STRINGS = NO;
				SWIFT_VERSION = 5.0;
				TARGETED_DEVICE_FAMILY = "1,2";
				TEST_TARGET_NAME = chat_AI;
			};
			name = Debug;
		};
		35DCA54F29D421710020984A /* Release */ = {
			isa = XCBuildConfiguration;
			baseConfigurationReference = 899943E80F07BF8965A389D8 /* Pods-chat_AI-chat_AIUITests.release.xcconfig */;
			buildSettings = {
				ALWAYS_EMBED_SWIFT_STANDARD_LIBRARIES = "$(inherited)";
				CODE_SIGN_STYLE = Automatic;
				CURRENT_PROJECT_VERSION = 1;
				GENERATE_INFOPLIST_FILE = YES;
				MARKETING_VERSION = 1.0;
				PRODUCT_BUNDLE_IDENTIFIER = "com.vanillastepdev.example.chat-AIUITests";
				PRODUCT_NAME = "$(TARGET_NAME)";
				SWIFT_EMIT_LOC_STRINGS = NO;
				SWIFT_VERSION = 5.0;
				TARGETED_DEVICE_FAMILY = "1,2";
				TEST_TARGET_NAME = chat_AI;
			};
			name = Release;
		};
/* End XCBuildConfiguration section */

/* Begin XCConfigurationList section */
		35DCA51829D4216E0020984A /* Build configuration list for PBXProject "chat_AI" */ = {
			isa = XCConfigurationList;
			buildConfigurations = (
				35DCA54529D421710020984A /* Debug */,
				35DCA54629D421710020984A /* Release */,
			);
			defaultConfigurationIsVisible = 0;
			defaultConfigurationName = Release;
		};
		35DCA54729D421710020984A /* Build configuration list for PBXNativeTarget "chat_AI" */ = {
			isa = XCConfigurationList;
			buildConfigurations = (
				35DCA54829D421710020984A /* Debug */,
				35DCA54929D421710020984A /* Release */,
			);
			defaultConfigurationIsVisible = 0;
			defaultConfigurationName = Release;
		};
		35DCA54A29D421710020984A /* Build configuration list for PBXNativeTarget "chat_AITests" */ = {
			isa = XCConfigurationList;
			buildConfigurations = (
				35DCA54B29D421710020984A /* Debug */,
				35DCA54C29D421710020984A /* Release */,
			);
			defaultConfigurationIsVisible = 0;
			defaultConfigurationName = Release;
		};
		35DCA54D29D421710020984A /* Build configuration list for PBXNativeTarget "chat_AIUITests" */ = {
			isa = XCConfigurationList;
			buildConfigurations = (
				35DCA54E29D421710020984A /* Debug */,
				35DCA54F29D421710020984A /* Release */,
			);
			defaultConfigurationIsVisible = 0;
			defaultConfigurationName = Release;
		};
/* End XCConfigurationList section */
	};
	rootObject = 35DCA51529D4216E0020984A /* Project object */;
}
